<?xml version="1.0" encoding="UTF-8" standalone="yes" ?>
<CodeBlocks_project_file>
	<FileVersion major="1" minor="6" />
	<Project>
		<Option title="libcpp-core.tst" />
		<Option pch_mode="2" />
		<Option compiler="gcc" />
		<Build>
			<Target title="Debug">
				<Option output="bin/Debug/tst" prefix_auto="1" extension_auto="1" />
				<Option object_output="obj/Debug/" />
				<Option type="1" />
				<Option compiler="gcc" />
				<Compiler>
					<Add option="-g" />
				</Compiler>
				<Linker>
					<Add option="-Wl,-rpath,$(PROJECT_DIR)../src/bin/Debug" />
					<Add directory="../src/bin/Debug" />
				</Linker>
			</Target>
			<Target title="Release">
				<Option output="bin/Release/tst" prefix_auto="1" extension_auto="1" />
				<Option object_output="obj/Release/" />
				<Option type="1" />
				<Option compiler="gcc" />
				<Compiler>
					<Add option="-O2" />
				</Compiler>
				<Linker>
					<Add option="-s" />
					<Add directory="../src/bin/Release" />
				</Linker>
			</Target>
		</Build>
		<Compiler>
			<Add option="-Wall" />
			<Add option="-std=c++11" />
			<Add option="-fexceptions" />
		</Compiler>
		<Linker>
			<Add option="-lssl" />
			<Add option="-ljsoncpp" />
			<Add library="libcpp-core" />
		</Linker>
		<Unit filename="app.cpp" />
		<Unit filename="app.h" />
		<Unit filename="conf.h" />
		<Unit filename="iomanip.cpp" />
		<Unit filename="iomanip.h" />
		<Unit filename="json.cpp" />
		<Unit filename="json.h" />
		<Unit filename="log.cpp" />
		<Unit filename="log.h" />
		<Unit filename="main.cpp" />
		<Unit filename="pipe.cpp" />
		<Unit filename="pipe.h" />
		<Unit filename="process.cpp" />
		<Unit filename="process.h" />
		<Unit filename="signal.cpp" />
		<Unit filename="signal.h" />
		<Unit filename="sock.cpp" />
		<Unit filename="sock.h" />
		<Unit filename="ssl.cpp" />
		<Unit filename="ssl.h" />
		<Unit filename="streambuf.cpp" />
		<Unit filename="streambuf.h" />
		<Extensions>
			<code_completion />
			<envvars />
			<debugger />
			<lib_finder disable_auto="1">
				<lib name="libssl" />
				<lib name="jsoncpp" />
			</lib_finder>
		</Extensions>
	</Project>
</CodeBlocks_project_file>
